
Microsoft Visual Studio Solution File, Format Version 12.00
# Visual Studio Version 17
VisualStudioVersion = 17.13.35919.96 d17.13
MinimumVisualStudioVersion = 10.0.40219.1
Project("{FAE04EC0-301F-11D3-BF4B-00C04F79EFBC}") = "Loja.Data", "src\Loja.Data\Loja.Data.csproj", "{BCB5201D-3966-1D31-C90F-260D738C315E}"
EndProject
Project("{FAE04EC0-301F-11D3-BF4B-00C04F79EFBC}") = "Loja.UI", "src\Loja.UI\Loja.UI.csproj", "{A34B21F0-369F-7C8E-AD8E-8D938179F590}"
EndProject
Project("{FAE04EC0-301F-11D3-BF4B-00C04F79EFBC}") = "Loja.API", "src\Loja.API\Loja.API.csproj", "{65CFA89D-63B4-FC5A-E4D5-37BE7D85E87D}"
EndProject
Global
	GlobalSection(SolutionConfigurationPlatforms) = preSolution
		Debug|Any CPU = Debug|Any CPU
		Release|Any CPU = Release|Any CPU
	EndGlobalSection
	GlobalSection(ProjectConfigurationPlatforms) = postSolution
		{BCB5201D-3966-1D31-C90F-260D738C315E}.Debug|Any CPU.ActiveCfg = Debug|Any CPU
		{BCB5201D-3966-1D31-C90F-260D738C315E}.Debug|Any CPU.Build.0 = Debug|Any CPU
		{BCB5201D-3966-1D31-C90F-260D738C315E}.Release|Any CPU.ActiveCfg = Release|Any CPU
		{BCB5201D-3966-1D31-C90F-260D738C315E}.Release|Any CPU.Build.0 = Release|Any CPU
		{A34B21F0-369F-7C8E-AD8E-8D938179F590}.Debug|Any CPU.ActiveCfg = Debug|Any CPU
		{A34B21F0-369F-7C8E-AD8E-8D938179F590}.Debug|Any CPU.Build.0 = Debug|Any CPU
		{A34B21F0-369F-7C8E-AD8E-8D938179F590}.Release|Any CPU.ActiveCfg = Release|Any CPU
		{A34B21F0-369F-7C8E-AD8E-8D938179F590}.Release|Any CPU.Build.0 = Release|Any CPU
		{65CFA89D-63B4-FC5A-E4D5-37BE7D85E87D}.Debug|Any CPU.ActiveCfg = Debug|Any CPU
		{65CFA89D-63B4-FC5A-E4D5-37BE7D85E87D}.Debug|Any CPU.Build.0 = Debug|Any CPU
		{65CFA89D-63B4-FC5A-E4D5-37BE7D85E87D}.Release|Any CPU.ActiveCfg = Release|Any CPU
		{65CFA89D-63B4-FC5A-E4D5-37BE7D85E87D}.Release|Any CPU.Build.0 = Release|Any CPU
	EndGlobalSection
	GlobalSection(SolutionProperties) = preSolution
		HideSolutionNode = FALSE
	EndGlobalSection
	GlobalSection(ExtensibilityGlobals) = postSolution
		SolutionGuid = {989C2064-4711-4754-8233-2C39E313D9E9}
	EndGlobalSection
EndGlobal
