
Microsoft Visual Studio Solution File, Format Version 12.00
# Visual Studio Version 17
VisualStudioVersion = 17.0.31903.59
MinimumVisualStudioVersion = 10.0.40219.1
Project("{FAE04EC0-301F-11D3-BF4B-00C04F79EFBC}") = "Loja.UI", "Loja.UI\Loja.UI.csproj", "{C8D02B18-B524-4BE6-B2AB-2114DC70138E}"
EndProject
Project("{FAE04EC0-301F-11D3-BF4B-00C04F79EFBC}") = "Loja.Data", "Loja.Data\Loja.Data.csproj", "{2ACEF656-1718-4B6C-A809-D8FE2BC47809}"
EndProject
Project("{FAE04EC0-301F-11D3-BF4B-00C04F79EFBC}") = "Loja.API", "Loja.API\Loja.API.csproj", "{9ED93DFC-8AF9-431D-96FB-64D5E39A22C6}"
EndProject
Global
	GlobalSection(SolutionConfigurationPlatforms) = preSolution
		Debug|Any CPU = Debug|Any CPU
		Release|Any CPU = Release|Any CPU
	EndGlobalSection
	GlobalSection(ProjectConfigurationPlatforms) = postSolution
		{C8D02B18-B524-4BE6-B2AB-2114DC70138E}.Debug|Any CPU.ActiveCfg = Debug|Any CPU
		{C8D02B18-B524-4BE6-B2AB-2114DC70138E}.Debug|Any CPU.Build.0 = Debug|Any CPU
		{C8D02B18-B524-4BE6-B2AB-2114DC70138E}.Release|Any CPU.ActiveCfg = Release|Any CPU
		{C8D02B18-B524-4BE6-B2AB-2114DC70138E}.Release|Any CPU.Build.0 = Release|Any CPU
		{2ACEF656-1718-4B6C-A809-D8FE2BC47809}.Debug|Any CPU.ActiveCfg = Debug|Any CPU
		{2ACEF656-1718-4B6C-A809-D8FE2BC47809}.Debug|Any CPU.Build.0 = Debug|Any CPU
		{2ACEF656-1718-4B6C-A809-D8FE2BC47809}.Release|Any CPU.ActiveCfg = Release|Any CPU
		{2ACEF656-1718-4B6C-A809-D8FE2BC47809}.Release|Any CPU.Build.0 = Release|Any CPU
		{9ED93DFC-8AF9-431D-96FB-64D5E39A22C6}.Debug|Any CPU.ActiveCfg = Debug|Any CPU
		{9ED93DFC-8AF9-431D-96FB-64D5E39A22C6}.Debug|Any CPU.Build.0 = Debug|Any CPU
		{9ED93DFC-8AF9-431D-96FB-64D5E39A22C6}.Release|Any CPU.ActiveCfg = Release|Any CPU
		{9ED93DFC-8AF9-431D-96FB-64D5E39A22C6}.Release|Any CPU.Build.0 = Release|Any CPU
	EndGlobalSection
	GlobalSection(SolutionProperties) = preSolution
		HideSolutionNode = FALSE
	EndGlobalSection
	GlobalSection(ExtensibilityGlobals) = postSolution
		SolutionGuid = {BCC70ED1-A2CB-42C1-A44A-5D89A736B4CD}
	EndGlobalSection
EndGlobal
